packs:
    backstop/cobra-cli:
        content_hash: 62f6456dce7e0e59a0ed51290becc7857c02998d214d9be805620b3468fe5753
        git_ref: null
        install_date: 2026-07-25T17:16:12Z
        local_path: ../backstop-cobra-cli-pack
        name: backstop/cobra-cli
        source_type: local
        version: null
    backstop/go-standards:
        content_hash: b50cd8ec4492379f027cd5a9911b1a11d657c4962d0c57955c37e239d9f0164d
        git_ref: null
        install_date: 2026-07-25T14:12:51Z
        local_path: ../backstop-go-pack
        name: backstop/go-standards
        source_type: local
        version: null
