packs:
    backstop/cobra-cli:
        content_hash: c629393853f3955295e70dde49d0caf8e97ec7edc2cdda77747a726241d58d46
        git_ref: null
        install_date: 2026-07-25T19:10:31Z
        local_path: ../backstop-cobra-cli-pack
        name: backstop/cobra-cli
        source_type: local
        version: null
    backstop/go-standards:
        content_hash: b50cd8ec4492379f027cd5a9911b1a11d657c4962d0c57955c37e239d9f0164d
        git_ref: null
        install_date: 2026-07-25T14:12:51Z
        local_path: ../backstop-go-pack
        name: backstop/go-standards
        source_type: local
        version: null
