packs:
    backstop-ai/cobra-cli-standards:
        content_hash: d9d87c313022bddff02f640a881784b436c661c1dff511fa038d592850eeca4d
        git_ref: v0.2.1
        install_date: 2026-07-28T01:09:56Z
        name: backstop-ai/cobra-cli-standards
        source_coordinate: backstop-ai/cobra-cli-standards
        source_type: git
        version: 0.2.1
    backstop-ai/go-standards:
        content_hash: 0479d29fcab522420697ba40dc83a9ac14e6a8fbb504236199548d4f25b05e28
        git_ref: v1.2.0
        install_date: 2026-07-28T01:10:10Z
        name: backstop-ai/go-standards
        source_coordinate: backstop-ai/go-standards
        source_type: git
        version: 1.2.0
